// !$*UTF8*$!
{
	archiveVersion = 1;
	classes = {
	};
	objectVersion = 46;
	objects = {

/* Begin PBXBuildFile section */
		54B3DB601E6B1E1D0016AA3D /* AppDelegate.swift in Sources */ = {isa = PBXBuildFile; fileRef = 54B3DB5F1E6B1E1D0016AA3D /* AppDelegate.swift */; };
		54B3DB621E6B1E1D0016AA3D /* ViewController.swift in Sources */ = {isa = PBXBuildFile; fileRef = 54B3DB611E6B1E1D0016AA3D /* ViewController.swift */; };
		54B3DB651E6B1E1D0016AA3D /* Main.storyboard in Resources */ = {isa = PBXBuildFile; fileRef = 54B3DB631E6B1E1D0016AA3D /* Main.storyboard */; };
		54B3DB671E6B1E1D0016AA3D /* Assets.xcassets in Resources */ = {isa = PBXBuildFile; fileRef = 54B3DB661E6B1E1D0016AA3D /* Assets.xcassets */; };
		54B3DB6A1E6B1E1D0016AA3D /* LaunchScreen.storyboard in Resources */ = {isa = PBXBuildFile; fileRef = 54B3DB681E6B1E1D0016AA3D /* LaunchScreen.storyboard */; };
		54B3DB741E6B1F8C0016AA3D /* BandMembers.swift in Sources */ = {isa = PBXBuildFile; fileRef = 54B3DB731E6B1F8C0016AA3D /* BandMembers.swift */; };
		54B3DB771E6B200E0016AA3D /* BandMembersTableViewController.swift in Sources */ = {isa = PBXBuildFile; fileRef = 54B3DB761E6B200E0016AA3D /* BandMembersTableViewController.swift */; };
		54B3DB791E6B2C560016AA3D /* BandMembersController.swift in Sources */ = {isa = PBXBuildFile; fileRef = 54B3DB781E6B2C560016AA3D /* BandMembersController.swift */; };
/* End PBXBuildFile section */

/* Begin PBXFileReference section */
		54B3DB5C1E6B1E1D0016AA3D /* 29Pair.app */ = {isa = PBXFileReference; explicitFileType = wrapper.application; includeInIndex = 0; path = 29Pair.app; sourceTree = BUILT_PRODUCTS_DIR; };
		54B3DB5F1E6B1E1D0016AA3D /* AppDelegate.swift */ = {isa = PBXFileReference; lastKnownFileType = sourcecode.swift; path = AppDelegate.swift; sourceTree = "<group>"; };
		54B3DB611E6B1E1D0016AA3D /* ViewController.swift */ = {isa = PBXFileReference; lastKnownFileType = sourcecode.swift; path = ViewController.swift; sourceTree = "<group>"; };
		54B3DB641E6B1E1D0016AA3D /* Base */ = {isa = PBXFileReference; lastKnownFileType = file.storyboard; name = Base; path = Base.lproj/Main.storyboard; sourceTree = "<group>"; };
		54B3DB661E6B1E1D0016AA3D /* Assets.xcassets */ = {isa = PBXFileReference; lastKnownFileType = folder.assetcatalog; path = Assets.xcassets; sourceTree = "<group>"; };
		54B3DB691E6B1E1D0016AA3D /* Base */ = {isa = PBXFileReference; lastKnownFileType = file.storyboard; name = Base; path = Base.lproj/LaunchScreen.storyboard; sourceTree = "<group>"; };
		54B3DB6B1E6B1E1D0016AA3D /* Info.plist */ = {isa = PBXFileReference; lastKnownFileType = text.plist.xml; path = Info.plist; sourceTree = "<group>"; };
		54B3DB731E6B1F8C0016AA3D /* BandMembers.swift */ = {isa = PBXFileReference; fileEncoding = 4; lastKnownFileType = sourcecode.swift; name = BandMembers.swift; path = ../BandMembers.swift; sourceTree = "<group>"; };
		54B3DB761E6B200E0016AA3D /* BandMembersTableViewController.swift */ = {isa = PBXFileReference; fileEncoding = 4; lastKnownFileType = sourcecode.swift; path = BandMembersTableViewController.swift; sourceTree = "<group>"; };
		54B3DB781E6B2C560016AA3D /* BandMembersController.swift */ = {isa = PBXFileReference; fileEncoding = 4; lastKnownFileType = sourcecode.swift; path = BandMembersController.swift; sourceTree = "<group>"; };
/* End PBXFileReference section */

/* Begin PBXFrameworksBuildPhase section */
		54B3DB591E6B1E1D0016AA3D /* Frameworks */ = {
			isa = PBXFrameworksBuildPhase;
			buildActionMask = 2147483647;
			files = (
			);
			runOnlyForDeploymentPostprocessing = 0;
		};
/* End PBXFrameworksBuildPhase section */

/* Begin PBXGroup section */
		54B3DB531E6B1E1D0016AA3D = {
			isa = PBXGroup;
			children = (
				54B3DB5E1E6B1E1D0016AA3D /* 29Pair */,
				54B3DB5D1E6B1E1D0016AA3D /* Products */,
			);
			sourceTree = "<group>";
		};
		54B3DB5D1E6B1E1D0016AA3D /* Products */ = {
			isa = PBXGroup;
			children = (
				54B3DB5C1E6B1E1D0016AA3D /* 29Pair.app */,
			);
			name = Products;
			sourceTree = "<group>";
		};
		54B3DB5E1E6B1E1D0016AA3D /* 29Pair */ = {
			isa = PBXGroup;
			children = (
				54B3DB5F1E6B1E1D0016AA3D /* AppDelegate.swift */,
				54B3DB611E6B1E1D0016AA3D /* ViewController.swift */,
				54B3DB731E6B1F8C0016AA3D /* BandMembers.swift */,
				54B3DB781E6B2C560016AA3D /* BandMembersController.swift */,
				54B3DB761E6B200E0016AA3D /* BandMembersTableViewController.swift */,
				54B3DB751E6B1F950016AA3D /* Resources */,
			);
			path = 29Pair;
			sourceTree = "<group>";
		};
		54B3DB751E6B1F950016AA3D /* Resources */ = {
			isa = PBXGroup;
			children = (
				54B3DB631E6B1E1D0016AA3D /* Main.storyboard */,
				54B3DB661E6B1E1D0016AA3D /* Assets.xcassets */,
				54B3DB681E6B1E1D0016AA3D /* LaunchScreen.storyboard */,
				54B3DB6B1E6B1E1D0016AA3D /* Info.plist */,
			);
			name = Resources;
			sourceTree = "<group>";
		};
/* End PBXGroup section */

/* Begin PBXNativeTarget section */
		54B3DB5B1E6B1E1D0016AA3D /* 29Pair */ = {
			isa = PBXNativeTarget;
			buildConfigurationList = 54B3DB6E1E6B1E1D0016AA3D /* Build configuration list for PBXNativeTarget "29Pair" */;
			buildPhases = (
				54B3DB581E6B1E1D0016AA3D /* Sources */,
				54B3DB591E6B1E1D0016AA3D /* Frameworks */,
				54B3DB5A1E6B1E1D0016AA3D /* Resources */,
			);
			buildRules = (
			);
			dependencies = (
			);
			name = 29Pair;
			productName = 29Pair;
			productReference = 54B3DB5C1E6B1E1D0016AA3D /* 29Pair.app */;
			productType = "com.apple.product-type.application";
		};
/* End PBXNativeTarget section */

/* Begin PBXProject section */
		54B3DB541E6B1E1D0016AA3D /* Project object */ = {
			isa = PBXProject;
			attributes = {
				LastSwiftUpdateCheck = 0820;
				LastUpgradeCheck = 0820;
				ORGANIZATIONNAME = "Andrew Drechsel";
				TargetAttributes = {
					54B3DB5B1E6B1E1D0016AA3D = {
						CreatedOnToolsVersion = 8.2.1;
						DevelopmentTeam = Q7ZY7HDZF4;
						ProvisioningStyle = Automatic;
					};
				};
			};
			buildConfigurationList = 54B3DB571E6B1E1D0016AA3D /* Build configuration list for PBXProject "29Pair" */;
			compatibilityVersion = "Xcode 3.2";
			developmentRegion = English;
			hasScannedForEncodings = 0;
			knownRegions = (
				en,
				Base,
			);
			mainGroup = 54B3DB531E6B1E1D0016AA3D;
			productRefGroup = 54B3DB5D1E6B1E1D0016AA3D /* Products */;
			projectDirPath = "";
			projectRoot = "";
			targets = (
				54B3DB5B1E6B1E1D0016AA3D /* 29Pair */,
			);
		};
/* End PBXProject section */

/* Begin PBXResourcesBuildPhase section */
		54B3DB5A1E6B1E1D0016AA3D /* Resources */ = {
			isa = PBXResourcesBuildPhase;
			buildActionMask = 2147483647;
			files = (
				54B3DB6A1E6B1E1D0016AA3D /* LaunchScreen.storyboard in Resources */,
				54B3DB671E6B1E1D0016AA3D /* Assets.xcassets in Resources */,
				54B3DB651E6B1E1D0016AA3D /* Main.storyboard in Resources */,
			);
			runOnlyForDeploymentPostprocessing = 0;
		};
/* End PBXResourcesBuildPhase section */

/* Begin PBXSourcesBuildPhase section */
		54B3DB581E6B1E1D0016AA3D /* Sources */ = {
			isa = PBXSourcesBuildPhase;
			buildActionMask = 2147483647;
			files = (
				54B3DB621E6B1E1D0016AA3D /* ViewController.swift in Sources */,
				54B3DB791E6B2C560016AA3D /* BandMembersController.swift in Sources */,
				54B3DB601E6B1E1D0016AA3D /* AppDelegate.swift in Sources */,
				54B3DB771E6B200E0016AA3D /* BandMembersTableViewController.swift in Sources */,
				54B3DB741E6B1F8C0016AA3D /* BandMembers.swift in Sources */,
			);
			runOnlyForDeploymentPostprocessing = 0;
		};
/* End PBXSourcesBuildPhase section */

/* Begin PBXVariantGroup section */
		54B3DB631E6B1E1D0016AA3D /* Main.storyboard */ = {
			isa = PBXVariantGroup;
			children = (
				54B3DB641E6B1E1D0016AA3D /* Base */,
			);
			name = Main.storyboard;
			sourceTree = "<group>";
		};
		54B3DB681E6B1E1D0016AA3D /* LaunchScreen.storyboard */ = {
			isa = PBXVariantGroup;
			children = (
				54B3DB691E6B1E1D0016AA3D /* Base */,
			);
			name = LaunchScreen.storyboard;
			sourceTree = "<group>";
		};
/* End PBXVariantGroup section */

/* Begin XCBuildConfiguration section */
		54B3DB6C1E6B1E1D0016AA3D /* Debug */ = {
			isa = XCBuildConfiguration;
			buildSettings = {
				ALWAYS_SEARCH_USER_PATHS = NO;
				CLANG_ANALYZER_NONNULL = YES;
				CLANG_CXX_LANGUAGE_STANDARD = "gnu++0x";
				CLANG_CXX_LIBRARY = "libc++";
				CLANG_ENABLE_MODULES = YES;
				CLANG_ENABLE_OBJC_ARC = YES;
				CLANG_WARN_BOOL_CONVERSION = YES;
				CLANG_WARN_CONSTANT_CONVERSION = YES;
				CLANG_WARN_DIRECT_OBJC_ISA_USAGE = YES_ERROR;
				CLANG_WARN_DOCUMENTATION_COMMENTS = YES;
				CLANG_WARN_EMPTY_BODY = YES;
				CLANG_WARN_ENUM_CONVERSION = YES;
				CLANG_WARN_INFINITE_RECURSION = YES;
				CLANG_WARN_INT_CONVERSION = YES;
				CLANG_WARN_OBJC_ROOT_CLASS = YES_ERROR;
				CLANG_WARN_SUSPICIOUS_MOVE = YES;
				CLANG_WARN_UNREACHABLE_CODE = YES;
				CLANG_WARN__DUPLICATE_METHOD_MATCH = YES;
				"CODE_SIGN_IDENTITY[sdk=iphoneos*]" = "iPhone Developer";
				COPY_PHASE_STRIP = NO;
				DEBUG_INFORMATION_FORMAT = dwarf;
				ENABLE_STRICT_OBJC_MSGSEND = YES;
				ENABLE_TESTABILITY = YES;
				GCC_C_LANGUAGE_STANDARD = gnu99;
				GCC_DYNAMIC_NO_PIC = NO;
				GCC_NO_COMMON_BLOCKS = YES;
				GCC_OPTIMIZATION_LEVEL = 0;
				GCC_PREPROCESSOR_DEFINITIONS = (
					"DEBUG=1",
					"$(inherited)",
				);
				GCC_WARN_64_TO_32_BIT_CONVERSION = YES;
				GCC_WARN_ABOUT_RETURN_TYPE = YES_ERROR;
				GCC_WARN_UNDECLARED_SELECTOR = YES;
				GCC_WARN_UNINITIALIZED_AUTOS = YES_AGGRESSIVE;
				GCC_WARN_UNUSED_FUNCTION = YES;
				GCC_WARN_UNUSED_VARIABLE = YES;
				IPHONEOS_DEPLOYMENT_TARGET = 10.2;
				MTL_ENABLE_DEBUG_INFO = YES;
				ONLY_ACTIVE_ARCH = YES;
				SDKROOT = iphoneos;
				SWIFT_ACTIVE_COMPILATION_CONDITIONS = DEBUG;
				SWIFT_OPTIMIZATION_LEVEL = "-Onone";
			};
			name = Debug;
		};
		54B3DB6D1E6B1E1D0016AA3D /* Release */ = {
			isa = XCBuildConfiguration;
			buildSettings = {
				ALWAYS_SEARCH_USER_PATHS = NO;
				CLANG_ANALYZER_NONNULL = YES;
				CLANG_CXX_LANGUAGE_STANDARD = "gnu++0x";
				CLANG_CXX_LIBRARY = "libc++";
				CLANG_ENABLE_MODULES = YES;
				CLANG_ENABLE_OBJC_ARC = YES;
				CLANG_WARN_BOOL_CONVERSION = YES;
				CLANG_WARN_CONSTANT_CONVERSION = YES;
				CLANG_WARN_DIRECT_OBJC_ISA_USAGE = YES_ERROR;
				CLANG_WARN_DOCUMENTATION_COMMENTS = YES;
				CLANG_WARN_EMPTY_BODY = YES;
				CLANG_WARN_ENUM_CONVERSION = YES;
				CLANG_WARN_INFINITE_RECURSION = YES;
				CLANG_WARN_INT_CONVERSION = YES;
				CLANG_WARN_OBJC_ROOT_CLASS = YES_ERROR;
				CLANG_WARN_SUSPICIOUS_MOVE = YES;
				CLANG_WARN_UNREACHABLE_CODE = YES;
				CLANG_WARN__DUPLICATE_METHOD_MATCH = YES;
				"CODE_SIGN_IDENTITY[sdk=iphoneos*]" = "iPhone Developer";
				COPY_PHASE_STRIP = NO;
				DEBUG_INFORMATION_FORMAT = "dwarf-with-dsym";
				ENABLE_NS_ASSERTIONS = NO;
				ENABLE_STRICT_OBJC_MSGSEND = YES;
				GCC_C_LANGUAGE_STANDARD = gnu99;
				GCC_NO_COMMON_BLOCKS = YES;
				GCC_WARN_64_TO_32_BIT_CONVERSION = YES;
				GCC_WARN_ABOUT_RETURN_TYPE = YES_ERROR;
				GCC_WARN_UNDECLARED_SELECTOR = YES;
				GCC_WARN_UNINITIALIZED_AUTOS = YES_AGGRESSIVE;
				GCC_WARN_UNUSED_FUNCTION = YES;
				GCC_WARN_UNUSED_VARIABLE = YES;
				IPHONEOS_DEPLOYMENT_TARGET = 10.2;
				MTL_ENABLE_DEBUG_INFO = NO;
				SDKROOT = iphoneos;
				SWIFT_OPTIMIZATION_LEVEL = "-Owholemodule";
				VALIDATE_PRODUCT = YES;
			};
			name = Release;
		};
		54B3DB6F1E6B1E1D0016AA3D /* Debug */ = {
			isa = XCBuildConfiguration;
			buildSettings = {
				ASSETCATALOG_COMPILER_APPICON_NAME = AppIcon;
				DEVELOPMENT_TEAM = Q7ZY7HDZF4;
				INFOPLIST_FILE = 29Pair/Info.plist;
				LD_RUNPATH_SEARCH_PATHS = "$(inherited) @executable_path/Frameworks";
				PRODUCT_BUNDLE_IDENTIFIER = "com.roydrechsel.-9Pair";
				PRODUCT_NAME = "$(TARGET_NAME)";
				SWIFT_VERSION = 3.0;
			};
			name = Debug;
		};
		54B3DB701E6B1E1D0016AA3D /* Release */ = {
			isa = XCBuildConfiguration;
			buildSettings = {
				ASSETCATALOG_COMPILER_APPICON_NAME = AppIcon;
				DEVELOPMENT_TEAM = Q7ZY7HDZF4;
				INFOPLIST_FILE = 29Pair/Info.plist;
				LD_RUNPATH_SEARCH_PATHS = "$(inherited) @executable_path/Frameworks";
				PRODUCT_BUNDLE_IDENTIFIER = "com.roydrechsel.-9Pair";
				PRODUCT_NAME = "$(TARGET_NAME)";
				SWIFT_VERSION = 3.0;
			};
			name = Release;
		};
/* End XCBuildConfiguration section */

/* Begin XCConfigurationList section */
		54B3DB571E6B1E1D0016AA3D /* Build configuration list for PBXProject "29Pair" */ = {
			isa = XCConfigurationList;
			buildConfigurations = (
				54B3DB6C1E6B1E1D0016AA3D /* Debug */,
				54B3DB6D1E6B1E1D0016AA3D /* Release */,
			);
			defaultConfigurationIsVisible = 0;
			defaultConfigurationName = Release;
		};
		54B3DB6E1E6B1E1D0016AA3D /* Build configuration list for PBXNativeTarget "29Pair" */ = {
			isa = XCConfigurationList;
			buildConfigurations = (
				54B3DB6F1E6B1E1D0016AA3D /* Debug */,
				54B3DB701E6B1E1D0016AA3D /* Release */,
			);
			defaultConfigurationIsVisible = 0;
		};
/* End XCConfigurationList section */
	};
	rootObject = 54B3DB541E6B1E1D0016AA3D /* Project object */;
}
